
Microsoft Visual Studio Solution File, Format Version 12.00
# Visual Studio Version 17
VisualStudioVersion = 17.0.31903.59
MinimumVisualStudioVersion = 10.0.40219.1
Project("{FAE04EC0-301F-11D3-BF4B-00C04F79EFBC}") = "API", "API\API.csproj", "{6DF4AAFA-DEF3-438C-AD31-8A930ED5059B}"
EndProject
Project("{FAE04EC0-301F-11D3-BF4B-00C04F79EFBC}") = "Core", "Core\Core.csproj", "{8419299A-AEA3-4EB6-A1B6-BA660F94AE51}"
EndProject
Project("{FAE04EC0-301F-11D3-BF4B-00C04F79EFBC}") = "Infrastructure", "Infrastructure\Infrastructure.csproj", "{64C0763B-65C0-4C8E-9EC7-4802D4CD21B2}"
EndProject
Global
	GlobalSection(SolutionConfigurationPlatforms) = preSolution
		Debug|Any CPU = Debug|Any CPU
		Debug|x64 = Debug|x64
		Debug|x86 = Debug|x86
		Release|Any CPU = Release|Any CPU
		Release|x64 = Release|x64
		Release|x86 = Release|x86
	EndGlobalSection
	GlobalSection(ProjectConfigurationPlatforms) = postSolution
		{6DF4AAFA-DEF3-438C-AD31-8A930ED5059B}.Debug|Any CPU.ActiveCfg = Debug|Any CPU
		{6DF4AAFA-DEF3-438C-AD31-8A930ED5059B}.Debug|Any CPU.Build.0 = Debug|Any CPU
		{6DF4AAFA-DEF3-438C-AD31-8A930ED5059B}.Debug|x64.ActiveCfg = Debug|Any CPU
		{6DF4AAFA-DEF3-438C-AD31-8A930ED5059B}.Debug|x64.Build.0 = Debug|Any CPU
		{6DF4AAFA-DEF3-438C-AD31-8A930ED5059B}.Debug|x86.ActiveCfg = Debug|Any CPU
		{6DF4AAFA-DEF3-438C-AD31-8A930ED5059B}.Debug|x86.Build.0 = Debug|Any CPU
		{6DF4AAFA-DEF3-438C-AD31-8A930ED5059B}.Release|Any CPU.ActiveCfg = Release|Any CPU
		{6DF4AAFA-DEF3-438C-AD31-8A930ED5059B}.Release|Any CPU.Build.0 = Release|Any CPU
		{6DF4AAFA-DEF3-438C-AD31-8A930ED5059B}.Release|x64.ActiveCfg = Release|Any CPU
		{6DF4AAFA-DEF3-438C-AD31-8A930ED5059B}.Release|x64.Build.0 = Release|Any CPU
		{6DF4AAFA-DEF3-438C-AD31-8A930ED5059B}.Release|x86.ActiveCfg = Release|Any CPU
		{6DF4AAFA-DEF3-438C-AD31-8A930ED5059B}.Release|x86.Build.0 = Release|Any CPU
		{8419299A-AEA3-4EB6-A1B6-BA660F94AE51}.Debug|Any CPU.ActiveCfg = Debug|Any CPU
		{8419299A-AEA3-4EB6-A1B6-BA660F94AE51}.Debug|Any CPU.Build.0 = Debug|Any CPU
		{8419299A-AEA3-4EB6-A1B6-BA660F94AE51}.Debug|x64.ActiveCfg = Debug|Any CPU
		{8419299A-AEA3-4EB6-A1B6-BA660F94AE51}.Debug|x64.Build.0 = Debug|Any CPU
		{8419299A-AEA3-4EB6-A1B6-BA660F94AE51}.Debug|x86.ActiveCfg = Debug|Any CPU
		{8419299A-AEA3-4EB6-A1B6-BA660F94AE51}.Debug|x86.Build.0 = Debug|Any CPU
		{8419299A-AEA3-4EB6-A1B6-BA660F94AE51}.Release|Any CPU.ActiveCfg = Release|Any CPU
		{8419299A-AEA3-4EB6-A1B6-BA660F94AE51}.Release|Any CPU.Build.0 = Release|Any CPU
		{8419299A-AEA3-4EB6-A1B6-BA660F94AE51}.Release|x64.ActiveCfg = Release|Any CPU
		{8419299A-AEA3-4EB6-A1B6-BA660F94AE51}.Release|x64.Build.0 = Release|Any CPU
		{8419299A-AEA3-4EB6-A1B6-BA660F94AE51}.Release|x86.ActiveCfg = Release|Any CPU
		{8419299A-AEA3-4EB6-A1B6-BA660F94AE51}.Release|x86.Build.0 = Release|Any CPU
		{64C0763B-65C0-4C8E-9EC7-4802D4CD21B2}.Debug|Any CPU.ActiveCfg = Debug|Any CPU
		{64C0763B-65C0-4C8E-9EC7-4802D4CD21B2}.Debug|Any CPU.Build.0 = Debug|Any CPU
		{64C0763B-65C0-4C8E-9EC7-4802D4CD21B2}.Debug|x64.ActiveCfg = Debug|Any CPU
		{64C0763B-65C0-4C8E-9EC7-4802D4CD21B2}.Debug|x64.Build.0 = Debug|Any CPU
		{64C0763B-65C0-4C8E-9EC7-4802D4CD21B2}.Debug|x86.ActiveCfg = Debug|Any CPU
		{64C0763B-65C0-4C8E-9EC7-4802D4CD21B2}.Debug|x86.Build.0 = Debug|Any CPU
		{64C0763B-65C0-4C8E-9EC7-4802D4CD21B2}.Release|Any CPU.ActiveCfg = Release|Any CPU
		{64C0763B-65C0-4C8E-9EC7-4802D4CD21B2}.Release|Any CPU.Build.0 = Release|Any CPU
		{64C0763B-65C0-4C8E-9EC7-4802D4CD21B2}.Release|x64.ActiveCfg = Release|Any CPU
		{64C0763B-65C0-4C8E-9EC7-4802D4CD21B2}.Release|x64.Build.0 = Release|Any CPU
		{64C0763B-65C0-4C8E-9EC7-4802D4CD21B2}.Release|x86.ActiveCfg = Release|Any CPU
		{64C0763B-65C0-4C8E-9EC7-4802D4CD21B2}.Release|x86.Build.0 = Release|Any CPU
	EndGlobalSection
	GlobalSection(SolutionProperties) = preSolution
		HideSolutionNode = FALSE
	EndGlobalSection
EndGlobal
